
Microsoft Visual Studio Solution File, Format Version 12.00
# Visual Studio 15
VisualStudioVersion = 15.0.27703.2026
MinimumVisualStudioVersion = 10.0.40219.1
Project("{FAE04EC0-301F-11D3-BF4B-00C04F79EFBC}") = "KnockoutExample", "KnockoutExample\KnockoutExample.csproj", "{AF0366DA-6AB2-4A39-BD0B-1F79E134B8AA}"
EndProject
Global
	GlobalSection(SolutionConfigurationPlatforms) = preSolution
		Debug|Any CPU = Debug|Any CPU
		Release|Any CPU = Release|Any CPU
	EndGlobalSection
	GlobalSection(ProjectConfigurationPlatforms) = postSolution
		{AF0366DA-6AB2-4A39-BD0B-1F79E134B8AA}.Debug|Any CPU.ActiveCfg = Debug|Any CPU
		{AF0366DA-6AB2-4A39-BD0B-1F79E134B8AA}.Debug|Any CPU.Build.0 = Debug|Any CPU
		{AF0366DA-6AB2-4A39-BD0B-1F79E134B8AA}.Release|Any CPU.ActiveCfg = Release|Any CPU
		{AF0366DA-6AB2-4A39-BD0B-1F79E134B8AA}.Release|Any CPU.Build.0 = Release|Any CPU
	EndGlobalSection
	GlobalSection(SolutionProperties) = preSolution
		HideSolutionNode = FALSE
	EndGlobalSection
	GlobalSection(ExtensibilityGlobals) = postSolution
		SolutionGuid = {3DF67976-EFC1-4CF9-ADB6-F5094F12C687}
	EndGlobalSection
EndGlobal
